
Microsoft Visual Studio Solution File, Format Version 12.00
# Visual Studio Version 17
VisualStudioVersion = 17.3.32929.385
MinimumVisualStudioVersion = 10.0.40219.1
Project("{9A19103F-16F7-4668-BE54-9A1E7A4F7556}") = "ValoParser", "ValoParser.csproj", "{480BC4A8-6993-41A0-AC7C-7CCDC1B1BDEC}"
EndProject
Global
	GlobalSection(SolutionConfigurationPlatforms) = preSolution
		Debug|Any CPU = Debug|Any CPU
		Release|Any CPU = Release|Any CPU
	EndGlobalSection
	GlobalSection(ProjectConfigurationPlatforms) = postSolution
		{480BC4A8-6993-41A0-AC7C-7CCDC1B1BDEC}.Debug|Any CPU.ActiveCfg = Debug|Any CPU
		{480BC4A8-6993-41A0-AC7C-7CCDC1B1BDEC}.Debug|Any CPU.Build.0 = Debug|Any CPU
		{480BC4A8-6993-41A0-AC7C-7CCDC1B1BDEC}.Release|Any CPU.ActiveCfg = Release|Any CPU
		{480BC4A8-6993-41A0-AC7C-7CCDC1B1BDEC}.Release|Any CPU.Build.0 = Release|Any CPU
	EndGlobalSection
	GlobalSection(SolutionProperties) = preSolution
		HideSolutionNode = FALSE
	EndGlobalSection
	GlobalSection(ExtensibilityGlobals) = postSolution
		SolutionGuid = {FCB4BAEA-C156-40BA-8AA6-31443E87C840}
	EndGlobalSection
EndGlobal
